{
  "pins" : [
    {
      "identity" : "mapmarkerkit",
      "kind" : "remoteSourceControl",
      "location" : "https://github.com/pilaski/MapMarkerKit.git",
      "state" : {
        "revision" : "097e85becadf7a791303938716dc22ecd0d2f7fb",
        "version" : "0.0.4"
      }
    }
  ],
  "version" : 2
}
